github.com/rabbitmq/amqp091-go v0.0.0-20210823000215-c428a6150891 h1:13nv5f/LNJxNpvpYm/u0NqrlFebon342f9Xu9GpklKc=
github.com/rabbitmq/amqp091-go v0.0.0-20210823000215-c428a6150891/go.mod h1:ogQDLSOACsLPsIq0NpbtiifNZi2YOz0VTJ0kHRghqbM=
github.com/rabbitmq/amqp091-go v1.3.0 h1:A/QuHiNw7LMCJsxx9iZn5lrIz6OrhIn7Dfk5/1YatWM=
github.com/rabbitmq/amqp091-go v1.3.0/go.mod h1:ogQDLSOACsLPsIq0NpbtiifNZi2YOz0VTJ0kHRghqbM=
